
Microsoft Visual Studio Solution File, Format Version 12.00
# Visual Studio Version 17
VisualStudioVersion = 17.14.36414.22
MinimumVisualStudioVersion = 10.0.40219.1
Project("{FAE04EC0-301F-11D3-BF4B-00C04F79EFBC}") = "SecretWords.Api", "SecretWords.Api\SecretWords.Api.csproj", "{79A8E5EF-C137-4A68-A760-D3B328194AB2}"
EndProject
Project("{FAE04EC0-301F-11D3-BF4B-00C04F79EFBC}") = "SecretWords.WebApp", "SecretWords.WebApp\SecretWords.WebApp.csproj", "{697D2E6B-BE49-44D0-9AE4-4120D9C5344F}"
EndProject
Global
	GlobalSection(SolutionConfigurationPlatforms) = preSolution
		Debug|Any CPU = Debug|Any CPU
		Release|Any CPU = Release|Any CPU
	EndGlobalSection
	GlobalSection(ProjectConfigurationPlatforms) = postSolution
		{79A8E5EF-C137-4A68-A760-D3B328194AB2}.Debug|Any CPU.ActiveCfg = Debug|Any CPU
		{79A8E5EF-C137-4A68-A760-D3B328194AB2}.Debug|Any CPU.Build.0 = Debug|Any CPU
		{79A8E5EF-C137-4A68-A760-D3B328194AB2}.Release|Any CPU.ActiveCfg = Release|Any CPU
		{79A8E5EF-C137-4A68-A760-D3B328194AB2}.Release|Any CPU.Build.0 = Release|Any CPU
		{697D2E6B-BE49-44D0-9AE4-4120D9C5344F}.Debug|Any CPU.ActiveCfg = Debug|Any CPU
		{697D2E6B-BE49-44D0-9AE4-4120D9C5344F}.Debug|Any CPU.Build.0 = Debug|Any CPU
		{697D2E6B-BE49-44D0-9AE4-4120D9C5344F}.Release|Any CPU.ActiveCfg = Release|Any CPU
		{697D2E6B-BE49-44D0-9AE4-4120D9C5344F}.Release|Any CPU.Build.0 = Release|Any CPU
	EndGlobalSection
	GlobalSection(SolutionProperties) = preSolution
		HideSolutionNode = FALSE
	EndGlobalSection
	GlobalSection(ExtensibilityGlobals) = postSolution
		SolutionGuid = {752981BB-6B19-4F4C-BE29-22620B5894E8}
	EndGlobalSection
EndGlobal
